
Microsoft Visual Studio Solution File, Format Version 12.00
# Visual Studio Version 17
VisualStudioVersion = 17.7.34031.279
MinimumVisualStudioVersion = 10.0.40219.1
Project("{FAE04EC0-301F-11D3-BF4B-00C04F79EFBC}") = "Ejercicio_1_07", "Ejercicio_1_07\Ejercicio_1_07.csproj", "{5F0B9FC0-881F-446A-837E-664C5E0C711D}"
EndProject
Global
	GlobalSection(SolutionConfigurationPlatforms) = preSolution
		Debug|Any CPU = Debug|Any CPU
		Release|Any CPU = Release|Any CPU
	EndGlobalSection
	GlobalSection(ProjectConfigurationPlatforms) = postSolution
		{5F0B9FC0-881F-446A-837E-664C5E0C711D}.Debug|Any CPU.ActiveCfg = Debug|Any CPU
		{5F0B9FC0-881F-446A-837E-664C5E0C711D}.Debug|Any CPU.Build.0 = Debug|Any CPU
		{5F0B9FC0-881F-446A-837E-664C5E0C711D}.Release|Any CPU.ActiveCfg = Release|Any CPU
		{5F0B9FC0-881F-446A-837E-664C5E0C711D}.Release|Any CPU.Build.0 = Release|Any CPU
	EndGlobalSection
	GlobalSection(SolutionProperties) = preSolution
		HideSolutionNode = FALSE
	EndGlobalSection
	GlobalSection(ExtensibilityGlobals) = postSolution
		SolutionGuid = {8CBEAF4F-BD46-4FDB-92A9-EE5738BEC14C}
	EndGlobalSection
EndGlobal
